
Microsoft Visual Studio Solution File, Format Version 12.00
# Visual Studio Version 17
VisualStudioVersion = 17.11.35312.102
MinimumVisualStudioVersion = 10.0.40219.1
Project("{FAE04EC0-301F-11D3-BF4B-00C04F79EFBC}") = "ProyectoSemilleroF", "ProyectoSemilleroF\ProyectoSemilleroF.csproj", "{775C60F5-6FD1-4D55-ABE8-E90AAF05E1DA}"
EndProject
Global
	GlobalSection(SolutionConfigurationPlatforms) = preSolution
		Debug|Any CPU = Debug|Any CPU
		Release|Any CPU = Release|Any CPU
	EndGlobalSection
	GlobalSection(ProjectConfigurationPlatforms) = postSolution
		{775C60F5-6FD1-4D55-ABE8-E90AAF05E1DA}.Debug|Any CPU.ActiveCfg = Debug|Any CPU
		{775C60F5-6FD1-4D55-ABE8-E90AAF05E1DA}.Debug|Any CPU.Build.0 = Debug|Any CPU
		{775C60F5-6FD1-4D55-ABE8-E90AAF05E1DA}.Release|Any CPU.ActiveCfg = Release|Any CPU
		{775C60F5-6FD1-4D55-ABE8-E90AAF05E1DA}.Release|Any CPU.Build.0 = Release|Any CPU
	EndGlobalSection
	GlobalSection(SolutionProperties) = preSolution
		HideSolutionNode = FALSE
	EndGlobalSection
	GlobalSection(ExtensibilityGlobals) = postSolution
		SolutionGuid = {7AFA6498-96C5-4DF2-B8E8-EB5364DC76DA}
	EndGlobalSection
EndGlobal
